{
  "name": "pawngame",
  "version": "0.0.1",
  "lockfileVersion": 3,
  "requires": true,
  "packages": {
    "": {
      "name": "pawngame",
      "version": "0.0.1",
      "license": "GPL-3.0",
      "dependencies": {
        "chessground": "^9.0.4"
      },
      "devDependencies": {
        "typescript": "^5.2.2"
      }
    },
    "node_modules/chessground": {
      "version": "9.0.4",
      "resolved": "https://registry.npmjs.org/chessground/-/chessground-9.0.4.tgz",
      "integrity": "sha512-KeZd/kcXSKQOGO6LOKu/3bAyVSMh7hgPPharMF15HMfNlHfcBpIVZIDAQRO2PNaNMzPWl0LKc05uFHt0D+lZGA==",
      "funding": {
        "url": "https://lichess.org/patron"
      }
    },
    "node_modules/typescript": {
      "version": "5.2.2",
      "resolved": "https://registry.npmjs.org/typescript/-/typescript-5.2.2.tgz",
      "integrity": "sha512-mI4WrpHsbCIcwT9cF4FZvr80QUeKvsUsUvKDoR+X/7XHQH98xYD8YHZg7ANtz2GtZt/CBq2QJ0thkGJMHfqc1w==",
      "dev": true,
      "bin": {
        "tsc": "bin/tsc",
        "tsserver": "bin/tsserver"
      },
      "engines": {
        "node": ">=14.17"
      }
    }
  }
}
